
Microsoft Visual Studio Solution File, Format Version 12.00
# Visual Studio Version 16
VisualStudioVersion = 16.0.31911.196
MinimumVisualStudioVersion = 10.0.40219.1
Project("{FAE04EC0-301F-11D3-BF4B-00C04F79EFBC}") = "LastHMS1", "LastHMS1.csproj", "{D1F5DD25-14D5-486B-B8E4-E3433C6670FE}"
EndProject
Global
	GlobalSection(SolutionConfigurationPlatforms) = preSolution
		Debug|Any CPU = Debug|Any CPU
		Release|Any CPU = Release|Any CPU
	EndGlobalSection
	GlobalSection(ProjectConfigurationPlatforms) = postSolution
		{D1F5DD25-14D5-486B-B8E4-E3433C6670FE}.Debug|Any CPU.ActiveCfg = Debug|Any CPU
		{D1F5DD25-14D5-486B-B8E4-E3433C6670FE}.Debug|Any CPU.Build.0 = Debug|Any CPU
		{D1F5DD25-14D5-486B-B8E4-E3433C6670FE}.Release|Any CPU.ActiveCfg = Release|Any CPU
		{D1F5DD25-14D5-486B-B8E4-E3433C6670FE}.Release|Any CPU.Build.0 = Release|Any CPU
	EndGlobalSection
	GlobalSection(SolutionProperties) = preSolution
		HideSolutionNode = FALSE
	EndGlobalSection
	GlobalSection(ExtensibilityGlobals) = postSolution
		SolutionGuid = {CDD167EB-19EE-427E-91D7-6DE253AFCC3B}
	EndGlobalSection
EndGlobal
