
Microsoft Visual Studio Solution File, Format Version 12.00
# Visual Studio Version 16
VisualStudioVersion = 16.0.31911.196
MinimumVisualStudioVersion = 10.0.40219.1
Project("{FAE04EC0-301F-11D3-BF4B-00C04F79EFBC}") = "Patients_Info", "Patients_Info.csproj", "{9D74DF29-653A-4914-B4C0-002CE85E4B40}"
EndProject
Global
	GlobalSection(SolutionConfigurationPlatforms) = preSolution
		Debug|Any CPU = Debug|Any CPU
		Release|Any CPU = Release|Any CPU
	EndGlobalSection
	GlobalSection(ProjectConfigurationPlatforms) = postSolution
		{9D74DF29-653A-4914-B4C0-002CE85E4B40}.Debug|Any CPU.ActiveCfg = Debug|Any CPU
		{9D74DF29-653A-4914-B4C0-002CE85E4B40}.Debug|Any CPU.Build.0 = Debug|Any CPU
		{9D74DF29-653A-4914-B4C0-002CE85E4B40}.Release|Any CPU.ActiveCfg = Release|Any CPU
		{9D74DF29-653A-4914-B4C0-002CE85E4B40}.Release|Any CPU.Build.0 = Release|Any CPU
	EndGlobalSection
	GlobalSection(SolutionProperties) = preSolution
		HideSolutionNode = FALSE
	EndGlobalSection
	GlobalSection(ExtensibilityGlobals) = postSolution
		SolutionGuid = {888A8F55-6CBE-44F9-AA11-110F9E28505F}
	EndGlobalSection
EndGlobal
